PODS:
  - Flutter (1.0.0)
  - flutter_scanner_devxhub (1.0.1):
    - Flutter

DEPENDENCIES:
  - Flutter (from `Flutter`)
  - flutter_scanner_devxhub (from `.symlinks/plugins/flutter_scanner_devxhub/ios`)

EXTERNAL SOURCES:
  Flutter:
    :path: Flutter
  flutter_scanner_devxhub:
    :path: ".symlinks/plugins/flutter_scanner_devxhub/ios"

SPEC CHECKSUMS:
  Flutter: f04841e97a9d0b0a8025694d0796dd46242b2854
  flutter_scanner_devxhub: 435d9de8ffc65860b41f985cdb1c87da38369647

PODFILE CHECKSUM: 819463e6a0290f5a72f145ba7cde16e8b6ef0796

COCOAPODS: 1.15.2
